Microsoft Visual Studio Solution File, Format Version 12.00
# Visual Studio Version 17
VisualStudioVersion = 17.0.31903.59
MinimumVisualStudioVersion = 10.0.40219.1
Project("{FAE04EC0-301F-11D3-BF4B-00C04F79EFBC}") = "BarberTrix.Domain", "backend\src\BarberTrix.Domain\BarberTrix.Domain.csproj", "{50D51D42-5C2D-4A4D-A49C-6EB35E9E9B9B}"
EndProject
Project("{FAE04EC0-301F-11D3-BF4B-00C04F79EFBC}") = "BarberTrix.Application", "backend\src\BarberTrix.Application\BarberTrix.Application.csproj", "{03C4C443-7E4C-4E8D-B80F-7B8E2A1D181D}"
EndProject
Project("{FAE04EC0-301F-11D3-BF4B-00C04F79EFBC}") = "BarberTrix.Infrastructure", "backend\src\BarberTrix.Infrastructure\BarberTrix.Infrastructure.csproj", "{5B52D2AF-4F98-4277-BF7B-8F3D8E2D3A9E}"
EndProject
Project("{FAE04EC0-301F-11D3-BF4B-00C04F79EFBC}") = "BarberTrix.Api", "backend\src\BarberTrix.Api\BarberTrix.Api.csproj", "{2F4AA5D6-AB05-492E-9C56-8C92D6FE59B7}"
EndProject
Project("{FAE04EC0-301F-11D3-BF4B-00C04F79EFBC}") = "BarberTrix.Domain.Tests", "backend\tests\BarberTrix.Domain.Tests\BarberTrix.Domain.Tests.csproj", "{7A8D8B1E-19C3-4BAF-A8B6-7B0A7F20B9C1}"
EndProject
Project("{FAE04EC0-301F-11D3-BF4B-00C04F79EFBC}") = "BarberTrix.Api.Tests", "backend\tests\BarberTrix.Api.Tests\BarberTrix.Api.Tests.csproj", "{F20B335E-C68C-4D0B-91D7-CB0D91C94F2A}"
EndProject
Global
	GlobalSection(SolutionConfigurationPlatforms) = preSolution
		Debug|Any CPU = Debug|Any CPU
		Release|Any CPU = Release|Any CPU
	EndGlobalSection
	GlobalSection(ProjectConfigurationPlatforms) = postSolution
		{50D51D42-5C2D-4A4D-A49C-6EB35E9E9B9B}.Debug|Any CPU.ActiveCfg = Debug|Any CPU
		{50D51D42-5C2D-4A4D-A49C-6EB35E9E9B9B}.Debug|Any CPU.Build.0 = Debug|Any CPU
		{50D51D42-5C2D-4A4D-A49C-6EB35E9E9B9B}.Release|Any CPU.ActiveCfg = Release|Any CPU
		{50D51D42-5C2D-4A4D-A49C-6EB35E9E9B9B}.Release|Any CPU.Build.0 = Release|Any CPU
		{03C4C443-7E4C-4E8D-B80F-7B8E2A1D181D}.Debug|Any CPU.ActiveCfg = Debug|Any CPU
		{03C4C443-7E4C-4E8D-B80F-7B8E2A1D181D}.Debug|Any CPU.Build.0 = Debug|Any CPU
		{03C4C443-7E4C-4E8D-B80F-7B8E2A1D181D}.Release|Any CPU.ActiveCfg = Release|Any CPU
		{03C4C443-7E4C-4E8D-B80F-7B8E2A1D181D}.Release|Any CPU.Build.0 = Release|Any CPU
		{5B52D2AF-4F98-4277-BF7B-8F3D8E2D3A9E}.Debug|Any CPU.ActiveCfg = Debug|Any CPU
		{5B52D2AF-4F98-4277-BF7B-8F3D8E2D3A9E}.Debug|Any CPU.Build.0 = Debug|Any CPU
		{5B52D2AF-4F98-4277-BF7B-8F3D8E2D3A9E}.Release|Any CPU.ActiveCfg = Release|Any CPU
		{5B52D2AF-4F98-4277-BF7B-8F3D8E2D3A9E}.Release|Any CPU.Build.0 = Release|Any CPU
		{2F4AA5D6-AB05-492E-9C56-8C92D6FE59B7}.Debug|Any CPU.ActiveCfg = Debug|Any CPU
		{2F4AA5D6-AB05-492E-9C56-8C92D6FE59B7}.Debug|Any CPU.Build.0 = Debug|Any CPU
		{2F4AA5D6-AB05-492E-9C56-8C92D6FE59B7}.Release|Any CPU.ActiveCfg = Release|Any CPU
		{2F4AA5D6-AB05-492E-9C56-8C92D6FE59B7}.Release|Any CPU.Build.0 = Release|Any CPU
		{7A8D8B1E-19C3-4BAF-A8B6-7B0A7F20B9C1}.Debug|Any CPU.ActiveCfg = Debug|Any CPU
		{7A8D8B1E-19C3-4BAF-A8B6-7B0A7F20B9C1}.Debug|Any CPU.Build.0 = Debug|Any CPU
		{7A8D8B1E-19C3-4BAF-A8B6-7B0A7F20B9C1}.Release|Any CPU.ActiveCfg = Release|Any CPU
		{7A8D8B1E-19C3-4BAF-A8B6-7B0A7F20B9C1}.Release|Any CPU.Build.0 = Release|Any CPU
		{F20B335E-C68C-4D0B-91D7-CB0D91C94F2A}.Debug|Any CPU.ActiveCfg = Debug|Any CPU
		{F20B335E-C68C-4D0B-91D7-CB0D91C94F2A}.Debug|Any CPU.Build.0 = Debug|Any CPU
		{F20B335E-C68C-4D0B-91D7-CB0D91C94F2A}.Release|Any CPU.ActiveCfg = Release|Any CPU
		{F20B335E-C68C-4D0B-91D7-CB0D91C94F2A}.Release|Any CPU.Build.0 = Release|Any CPU
	EndGlobalSection
EndGlobal
